
Microsoft Visual Studio Solution File, Format Version 12.00
# Visual Studio Version 17
VisualStudioVersion = 17.5.002.0
MinimumVisualStudioVersion = 10.0.40219.1
Project("{9A19103F-16F7-4668-BE54-9A1E7A4F7556}") = "Abstract", "Abstract.csproj", "{F0AE0CC9-6083-4F51-8A93-34A334FD8500}"
EndProject
Global
	GlobalSection(SolutionConfigurationPlatforms) = preSolution
		Debug|Any CPU = Debug|Any CPU
		Release|Any CPU = Release|Any CPU
	EndGlobalSection
	GlobalSection(ProjectConfigurationPlatforms) = postSolution
		{F0AE0CC9-6083-4F51-8A93-34A334FD8500}.Debug|Any CPU.ActiveCfg = Debug|Any CPU
		{F0AE0CC9-6083-4F51-8A93-34A334FD8500}.Debug|Any CPU.Build.0 = Debug|Any CPU
		{F0AE0CC9-6083-4F51-8A93-34A334FD8500}.Release|Any CPU.ActiveCfg = Release|Any CPU
		{F0AE0CC9-6083-4F51-8A93-34A334FD8500}.Release|Any CPU.Build.0 = Release|Any CPU
	EndGlobalSection
	GlobalSection(SolutionProperties) = preSolution
		HideSolutionNode = FALSE
	EndGlobalSection
	GlobalSection(ExtensibilityGlobals) = postSolution
		SolutionGuid = {C822004C-D9F5-4841-BD49-6821E1AF8BFE}
	EndGlobalSection
EndGlobal
