
Microsoft Visual Studio Solution File, Format Version 12.00
# Visual Studio Version 17
VisualStudioVersion = 17.5.002.0
MinimumVisualStudioVersion = 10.0.40219.1
Project("{9A19103F-16F7-4668-BE54-9A1E7A4F7556}") = "Loops", "Loops.csproj", "{BDB8CB50-67D2-410D-868B-58953AA3CEC1}"
EndProject
Global
	GlobalSection(SolutionConfigurationPlatforms) = preSolution
		Debug|Any CPU = Debug|Any CPU
		Release|Any CPU = Release|Any CPU
	EndGlobalSection
	GlobalSection(ProjectConfigurationPlatforms) = postSolution
		{BDB8CB50-67D2-410D-868B-58953AA3CEC1}.Debug|Any CPU.ActiveCfg = Debug|Any CPU
		{BDB8CB50-67D2-410D-868B-58953AA3CEC1}.Debug|Any CPU.Build.0 = Debug|Any CPU
		{BDB8CB50-67D2-410D-868B-58953AA3CEC1}.Release|Any CPU.ActiveCfg = Release|Any CPU
		{BDB8CB50-67D2-410D-868B-58953AA3CEC1}.Release|Any CPU.Build.0 = Release|Any CPU
	EndGlobalSection
	GlobalSection(SolutionProperties) = preSolution
		HideSolutionNode = FALSE
	EndGlobalSection
	GlobalSection(ExtensibilityGlobals) = postSolution
		SolutionGuid = {C8D4DDF5-D1D1-4E29-8442-246EE69376EC}
	EndGlobalSection
EndGlobal
