
Microsoft Visual Studio Solution File, Format Version 12.00
# Visual Studio Version 17
VisualStudioVersion = 17.5.002.0
MinimumVisualStudioVersion = 10.0.40219.1
Project("{9A19103F-16F7-4668-BE54-9A1E7A4F7556}") = "Method", "Method.csproj", "{3518C351-7F69-47F1-9F48-CF26B9D5CC1C}"
EndProject
Global
	GlobalSection(SolutionConfigurationPlatforms) = preSolution
		Debug|Any CPU = Debug|Any CPU
		Release|Any CPU = Release|Any CPU
	EndGlobalSection
	GlobalSection(ProjectConfigurationPlatforms) = postSolution
		{3518C351-7F69-47F1-9F48-CF26B9D5CC1C}.Debug|Any CPU.ActiveCfg = Debug|Any CPU
		{3518C351-7F69-47F1-9F48-CF26B9D5CC1C}.Debug|Any CPU.Build.0 = Debug|Any CPU
		{3518C351-7F69-47F1-9F48-CF26B9D5CC1C}.Release|Any CPU.ActiveCfg = Release|Any CPU
		{3518C351-7F69-47F1-9F48-CF26B9D5CC1C}.Release|Any CPU.Build.0 = Release|Any CPU
	EndGlobalSection
	GlobalSection(SolutionProperties) = preSolution
		HideSolutionNode = FALSE
	EndGlobalSection
	GlobalSection(ExtensibilityGlobals) = postSolution
		SolutionGuid = {8471C156-C130-4472-AA9F-A216B6BE71D3}
	EndGlobalSection
EndGlobal
